
Microsoft Visual Studio Solution File, Format Version 12.00
# Visual Studio Version 17
VisualStudioVersion = 17.10.35122.118
MinimumVisualStudioVersion = 10.0.40219.1
Project("{FAE04EC0-301F-11D3-BF4B-00C04F79EFBC}") = "redteam-clamshell", "redteam-clamshell\redteam-clamshell.csproj", "{4102064C-92DB-4B80-ABD6-44B116F8AFDB}"
EndProject
Global
	GlobalSection(SolutionConfigurationPlatforms) = preSolution
		Debug|Any CPU = Debug|Any CPU
		Debug|x64 = Debug|x64
		Release|Any CPU = Release|Any CPU
		Release|x64 = Release|x64
	EndGlobalSection
	GlobalSection(ProjectConfigurationPlatforms) = postSolution
		{4102064C-92DB-4B80-ABD6-44B116F8AFDB}.Debug|Any CPU.ActiveCfg = Debug|Any CPU
		{4102064C-92DB-4B80-ABD6-44B116F8AFDB}.Debug|Any CPU.Build.0 = Debug|Any CPU
		{4102064C-92DB-4B80-ABD6-44B116F8AFDB}.Debug|x64.ActiveCfg = Debug|x64
		{4102064C-92DB-4B80-ABD6-44B116F8AFDB}.Debug|x64.Build.0 = Debug|x64
		{4102064C-92DB-4B80-ABD6-44B116F8AFDB}.Release|Any CPU.ActiveCfg = Release|Any CPU
		{4102064C-92DB-4B80-ABD6-44B116F8AFDB}.Release|Any CPU.Build.0 = Release|Any CPU
		{4102064C-92DB-4B80-ABD6-44B116F8AFDB}.Release|x64.ActiveCfg = Release|x64
		{4102064C-92DB-4B80-ABD6-44B116F8AFDB}.Release|x64.Build.0 = Release|x64
	EndGlobalSection
	GlobalSection(SolutionProperties) = preSolution
		HideSolutionNode = FALSE
	EndGlobalSection
	GlobalSection(ExtensibilityGlobals) = postSolution
		SolutionGuid = {A2F5F3CD-94B0-4A1E-B50B-BC556D35BD7C}
	EndGlobalSection
EndGlobal
